
Microsoft Visual Studio Solution File, Format Version 12.00
# Visual Studio Version 17
VisualStudioVersion = 17.0.31903.59
MinimumVisualStudioVersion = 10.0.40219.1
Project("{2150E333-8FDC-42A3-9474-1A3956D46DE8}") = "OpenTelekomCloud.Serverless.Function.Common.JsonSerializer", "OpenTelekomCloud.Serverless.Function.Common.JsonSerializer", "{5467D691-F3A9-4CC8-AE7C-B20565E6590A}"
EndProject
Project("{FAE04EC0-301F-11D3-BF4B-00C04F79EFBC}") = "OpenTelekomCloud.Serverless.Function.Common.JsonSerializer", "OpenTelekomCloud.Serverless.Function.Common.JsonSerializer\src\OpenTelekomCloud.Serverless.Function.Common.JsonSerializer.csproj", "{8FCF6332-9B54-43BC-83B3-1CB074CBCE81}"
EndProject
Project("{2150E333-8FDC-42A3-9474-1A3956D46DE8}") = "OpenTelekomCloud.Serverless.Function.Common.TestUtils", "OpenTelekomCloud.Serverless.Function.Common.TestUtils", "{DABEA768-DC77-4E28-9B7B-BEA5D2095EDC}"
EndProject
Project("{FAE04EC0-301F-11D3-BF4B-00C04F79EFBC}") = "OpenTelekomCloud.Serverless.Function.Common.TestUtils", "OpenTelekomCloud.Serverless.Function.Common.TestUtils\src\OpenTelekomCloud.Serverless.Function.Common.TestUtils.csproj", "{BF495CDA-5A90-4773-8009-F16BECDC2547}"
EndProject
Project("{2150E333-8FDC-42A3-9474-1A3956D46DE8}") = "OpenTelekomCloud.Serverless.Function.Common", "OpenTelekomCloud.Serverless.Function.Common", "{7A0D8ADD-03FD-4AB2-BF66-9633001FCA34}"
EndProject
Project("{FAE04EC0-301F-11D3-BF4B-00C04F79EFBC}") = "OpenTelekomCloud.Serverless.Function.Common", "OpenTelekomCloud.Serverless.Function.Common\src\OpenTelekomCloud.Serverless.Function.Common.csproj", "{A782DFB4-60CD-46C0-9551-EB56D21AF1DF}"
EndProject
Project("{2150E333-8FDC-42A3-9474-1A3956D46DE8}") = "OpenTelekomCloud.Serverless.Function.Events.APIG", "OpenTelekomCloud.Serverless.Function.Events.APIG", "{0926DBBB-8BB2-49C1-A603-092E88C892B8}"
EndProject
Project("{FAE04EC0-301F-11D3-BF4B-00C04F79EFBC}") = "OpenTelekomCloud.Serverless.Function.Events.APIG", "OpenTelekomCloud.Serverless.Function.Events.APIG\src\OpenTelekomCloud.Serverless.Function.Events.APIG.csproj", "{8085764E-45FE-4373-93E5-304E0116583A}"
EndProject
Project("{FAE04EC0-301F-11D3-BF4B-00C04F79EFBC}") = "OpenTelekomCloud.Serverless.Function.Events.APIG.test", "OpenTelekomCloud.Serverless.Function.Events.APIG\test\OpenTelekomCloud.Serverless.Function.Events.APIG.test.csproj", "{618F22A3-0C4A-42D9-8CDE-376DC181FF6B}"
EndProject
Project("{2150E333-8FDC-42A3-9474-1A3956D46DE8}") = "OpenTelekomCloud.Serverless.Function.Events.CTS", "OpenTelekomCloud.Serverless.Function.Events.CTS", "{9C995D7E-E431-41E8-BFF9-C49F7B68A06E}"
EndProject
Project("{FAE04EC0-301F-11D3-BF4B-00C04F79EFBC}") = "OpenTelekomCloud.Serverless.Function.Events.CTS", "OpenTelekomCloud.Serverless.Function.Events.CTS\src\OpenTelekomCloud.Serverless.Function.Events.CTS.csproj", "{6514535E-01D6-4E99-A615-3C46FCF6AE4B}"
EndProject
Project("{FAE04EC0-301F-11D3-BF4B-00C04F79EFBC}") = "OpenTelekomCloud.Serverless.Function.Events.CTS.test", "OpenTelekomCloud.Serverless.Function.Events.CTS\test\OpenTelekomCloud.Serverless.Function.Events.CTS.test.csproj", "{07F1B13E-AA46-4704-9054-440C293B49C5}"
EndProject
Project("{2150E333-8FDC-42A3-9474-1A3956D46DE8}") = "OpenTelekomCloud.Serverless.Function.Events.DMS4Kafka", "OpenTelekomCloud.Serverless.Function.Events.DMS4Kafka", "{CB31879B-0DB5-4604-A3E9-D2E698C9D49E}"
EndProject
Project("{FAE04EC0-301F-11D3-BF4B-00C04F79EFBC}") = "OpenTelekomCloud.Serverless.Function.Events.DMS4Kafka", "OpenTelekomCloud.Serverless.Function.Events.DMS4Kafka\src\OpenTelekomCloud.Serverless.Function.Events.DMS4Kafka.csproj", "{B4B8CFE8-1AB8-4176-B5E7-9E29A5793093}"
EndProject
Project("{FAE04EC0-301F-11D3-BF4B-00C04F79EFBC}") = "OpenTelekomCloud.Serverless.Function.Events.DMS4Kafka.test", "OpenTelekomCloud.Serverless.Function.Events.DMS4Kafka\test\OpenTelekomCloud.Serverless.Function.Events.DMS4Kafka.test.csproj", "{E8582D55-C726-4FA2-A257-AF682994F99B}"
EndProject
Project("{2150E333-8FDC-42A3-9474-1A3956D46DE8}") = "OpenTelekomCloud.Serverless.Function.Events.LTS", "OpenTelekomCloud.Serverless.Function.Events.LTS", "{1077D387-EA81-4325-96E5-D4DD619EDBCF}"
EndProject
Project("{FAE04EC0-301F-11D3-BF4B-00C04F79EFBC}") = "OpenTelekomCloud.Serverless.Function.Events.LTS", "OpenTelekomCloud.Serverless.Function.Events.LTS\src\OpenTelekomCloud.Serverless.Function.Events.LTS.csproj", "{68B1987F-769C-493B-AA6B-5EACA13BE63A}"
EndProject
Project("{FAE04EC0-301F-11D3-BF4B-00C04F79EFBC}") = "OpenTelekomCloud.Serverless.Function.Events.LTS.test", "OpenTelekomCloud.Serverless.Function.Events.LTS\test\OpenTelekomCloud.Serverless.Function.Events.LTS.test.csproj", "{FFF16461-2213-4025-8699-C57DE853D944}"
EndProject
Project("{2150E333-8FDC-42A3-9474-1A3956D46DE8}") = "OpenTelekomCloud.Serverless.Function.Events.OBSS3", "OpenTelekomCloud.Serverless.Function.Events.OBSS3", "{C534E74F-980A-445D-A4FC-6D1C32E8E695}"
EndProject
Project("{FAE04EC0-301F-11D3-BF4B-00C04F79EFBC}") = "OpenTelekomCloud.Serverless.Function.Events.OBSS3", "OpenTelekomCloud.Serverless.Function.Events.OBSS3\src\OpenTelekomCloud.Serverless.Function.Events.OBSS3.csproj", "{51CF3E5D-CF6E-420A-AC09-781279196320}"
EndProject
Project("{FAE04EC0-301F-11D3-BF4B-00C04F79EFBC}") = "OpenTelekomCloud.Serverless.Function.Events.OBSS3.test", "OpenTelekomCloud.Serverless.Function.Events.OBSS3\test\OpenTelekomCloud.Serverless.Function.Events.OBSS3.test.csproj", "{24251B34-6EF6-4DF3-8A43-DF569D4C7CE9}"
EndProject
Project("{2150E333-8FDC-42A3-9474-1A3956D46DE8}") = "OpenTelekomCloud.Serverless.Function.Events.OpenSourceKafka", "OpenTelekomCloud.Serverless.Function.Events.OpenSourceKafka", "{ADD75171-8874-4615-B28B-BAD250412615}"
EndProject
Project("{FAE04EC0-301F-11D3-BF4B-00C04F79EFBC}") = "OpenTelekomCloud.Serverless.Function.Events.OpenSourceKafka", "OpenTelekomCloud.Serverless.Function.Events.OpenSourceKafka\src\OpenTelekomCloud.Serverless.Function.Events.OpenSourceKafka.csproj", "{58743754-CE44-447F-91B1-48E973DDA8BA}"
EndProject
Project("{FAE04EC0-301F-11D3-BF4B-00C04F79EFBC}") = "OpenTelekomCloud.Serverless.Function.Events.OpenSourceKafka.test", "OpenTelekomCloud.Serverless.Function.Events.OpenSourceKafka\test\OpenTelekomCloud.Serverless.Function.Events.OpenSourceKafka.test.csproj", "{DB8DCC92-A4F2-468A-A582-689B1208D37F}"
EndProject
Project("{2150E333-8FDC-42A3-9474-1A3956D46DE8}") = "OpenTelekomCloud.Serverless.Function.Events.SMN", "OpenTelekomCloud.Serverless.Function.Events.SMN", "{B8BCB322-033A-42A6-9D16-363731224B9F}"
EndProject
Project("{FAE04EC0-301F-11D3-BF4B-00C04F79EFBC}") = "OpenTelekomCloud.Serverless.Function.Events.SMN", "OpenTelekomCloud.Serverless.Function.Events.SMN\src\OpenTelekomCloud.Serverless.Function.Events.SMN.csproj", "{04174A3F-F1C1-4D7E-9158-3E8148679634}"
EndProject
Project("{FAE04EC0-301F-11D3-BF4B-00C04F79EFBC}") = "OpenTelekomCloud.Serverless.Function.Events.SMN.test", "OpenTelekomCloud.Serverless.Function.Events.SMN\test\OpenTelekomCloud.Serverless.Function.Events.SMN.test.csproj", "{4D37D142-BD9D-4FC4-B43F-BE7CF26F7F5F}"
EndProject
Project("{2150E333-8FDC-42A3-9474-1A3956D46DE8}") = "OpenTelekomCloud.Serverless.Function.Events.Timer", "OpenTelekomCloud.Serverless.Function.Events.Timer", "{5C1E78B5-8FD6-460C-AC4A-FCC04060BBB4}"
EndProject
Project("{FAE04EC0-301F-11D3-BF4B-00C04F79EFBC}") = "OpenTelekomCloud.Serverless.Function.Events.Timer", "OpenTelekomCloud.Serverless.Function.Events.Timer\src\OpenTelekomCloud.Serverless.Function.Events.Timer.csproj", "{07C4FB6A-90DA-4E2F-875E-FD38802269E4}"
EndProject
Project("{FAE04EC0-301F-11D3-BF4B-00C04F79EFBC}") = "OpenTelekomCloud.Serverless.Function.Events.Timer.test", "OpenTelekomCloud.Serverless.Function.Events.Timer\test\OpenTelekomCloud.Serverless.Function.Events.Timer.test.csproj", "{58F43785-0C70-466B-8549-C9634DC77E54}"
EndProject
Global
	GlobalSection(SolutionConfigurationPlatforms) = preSolution
		Debug|Any CPU = Debug|Any CPU
		Release|Any CPU = Release|Any CPU
	EndGlobalSection
	GlobalSection(SolutionProperties) = preSolution
		HideSolutionNode = FALSE
	EndGlobalSection
	GlobalSection(ProjectConfigurationPlatforms) = postSolution
		{8FCF6332-9B54-43BC-83B3-1CB074CBCE81}.Debug|Any CPU.ActiveCfg = Debug|Any CPU
		{8FCF6332-9B54-43BC-83B3-1CB074CBCE81}.Debug|Any CPU.Build.0 = Debug|Any CPU
		{8FCF6332-9B54-43BC-83B3-1CB074CBCE81}.Release|Any CPU.ActiveCfg = Release|Any CPU
		{8FCF6332-9B54-43BC-83B3-1CB074CBCE81}.Release|Any CPU.Build.0 = Release|Any CPU
		{BF495CDA-5A90-4773-8009-F16BECDC2547}.Debug|Any CPU.ActiveCfg = Debug|Any CPU
		{BF495CDA-5A90-4773-8009-F16BECDC2547}.Debug|Any CPU.Build.0 = Debug|Any CPU
		{BF495CDA-5A90-4773-8009-F16BECDC2547}.Release|Any CPU.ActiveCfg = Release|Any CPU
		{BF495CDA-5A90-4773-8009-F16BECDC2547}.Release|Any CPU.Build.0 = Release|Any CPU
		{A782DFB4-60CD-46C0-9551-EB56D21AF1DF}.Debug|Any CPU.ActiveCfg = Debug|Any CPU
		{A782DFB4-60CD-46C0-9551-EB56D21AF1DF}.Debug|Any CPU.Build.0 = Debug|Any CPU
		{A782DFB4-60CD-46C0-9551-EB56D21AF1DF}.Release|Any CPU.ActiveCfg = Release|Any CPU
		{A782DFB4-60CD-46C0-9551-EB56D21AF1DF}.Release|Any CPU.Build.0 = Release|Any CPU
		{8085764E-45FE-4373-93E5-304E0116583A}.Debug|Any CPU.ActiveCfg = Debug|Any CPU
		{8085764E-45FE-4373-93E5-304E0116583A}.Debug|Any CPU.Build.0 = Debug|Any CPU
		{8085764E-45FE-4373-93E5-304E0116583A}.Release|Any CPU.ActiveCfg = Release|Any CPU
		{8085764E-45FE-4373-93E5-304E0116583A}.Release|Any CPU.Build.0 = Release|Any CPU
		{618F22A3-0C4A-42D9-8CDE-376DC181FF6B}.Debug|Any CPU.ActiveCfg = Debug|Any CPU
		{618F22A3-0C4A-42D9-8CDE-376DC181FF6B}.Debug|Any CPU.Build.0 = Debug|Any CPU
		{618F22A3-0C4A-42D9-8CDE-376DC181FF6B}.Release|Any CPU.ActiveCfg = Release|Any CPU
		{618F22A3-0C4A-42D9-8CDE-376DC181FF6B}.Release|Any CPU.Build.0 = Release|Any CPU
		{6514535E-01D6-4E99-A615-3C46FCF6AE4B}.Debug|Any CPU.ActiveCfg = Debug|Any CPU
		{6514535E-01D6-4E99-A615-3C46FCF6AE4B}.Debug|Any CPU.Build.0 = Debug|Any CPU
		{6514535E-01D6-4E99-A615-3C46FCF6AE4B}.Release|Any CPU.ActiveCfg = Release|Any CPU
		{6514535E-01D6-4E99-A615-3C46FCF6AE4B}.Release|Any CPU.Build.0 = Release|Any CPU
		{07F1B13E-AA46-4704-9054-440C293B49C5}.Debug|Any CPU.ActiveCfg = Debug|Any CPU
		{07F1B13E-AA46-4704-9054-440C293B49C5}.Debug|Any CPU.Build.0 = Debug|Any CPU
		{07F1B13E-AA46-4704-9054-440C293B49C5}.Release|Any CPU.ActiveCfg = Release|Any CPU
		{07F1B13E-AA46-4704-9054-440C293B49C5}.Release|Any CPU.Build.0 = Release|Any CPU
		{B4B8CFE8-1AB8-4176-B5E7-9E29A5793093}.Debug|Any CPU.ActiveCfg = Debug|Any CPU
		{B4B8CFE8-1AB8-4176-B5E7-9E29A5793093}.Debug|Any CPU.Build.0 = Debug|Any CPU
		{B4B8CFE8-1AB8-4176-B5E7-9E29A5793093}.Release|Any CPU.ActiveCfg = Release|Any CPU
		{B4B8CFE8-1AB8-4176-B5E7-9E29A5793093}.Release|Any CPU.Build.0 = Release|Any CPU
		{E8582D55-C726-4FA2-A257-AF682994F99B}.Debug|Any CPU.ActiveCfg = Debug|Any CPU
		{E8582D55-C726-4FA2-A257-AF682994F99B}.Debug|Any CPU.Build.0 = Debug|Any CPU
		{E8582D55-C726-4FA2-A257-AF682994F99B}.Release|Any CPU.ActiveCfg = Release|Any CPU
		{E8582D55-C726-4FA2-A257-AF682994F99B}.Release|Any CPU.Build.0 = Release|Any CPU
		{68B1987F-769C-493B-AA6B-5EACA13BE63A}.Debug|Any CPU.ActiveCfg = Debug|Any CPU
		{68B1987F-769C-493B-AA6B-5EACA13BE63A}.Debug|Any CPU.Build.0 = Debug|Any CPU
		{68B1987F-769C-493B-AA6B-5EACA13BE63A}.Release|Any CPU.ActiveCfg = Release|Any CPU
		{68B1987F-769C-493B-AA6B-5EACA13BE63A}.Release|Any CPU.Build.0 = Release|Any CPU
		{FFF16461-2213-4025-8699-C57DE853D944}.Debug|Any CPU.ActiveCfg = Debug|Any CPU
		{FFF16461-2213-4025-8699-C57DE853D944}.Debug|Any CPU.Build.0 = Debug|Any CPU
		{FFF16461-2213-4025-8699-C57DE853D944}.Release|Any CPU.ActiveCfg = Release|Any CPU
		{FFF16461-2213-4025-8699-C57DE853D944}.Release|Any CPU.Build.0 = Release|Any CPU
		{51CF3E5D-CF6E-420A-AC09-781279196320}.Debug|Any CPU.ActiveCfg = Debug|Any CPU
		{51CF3E5D-CF6E-420A-AC09-781279196320}.Debug|Any CPU.Build.0 = Debug|Any CPU
		{51CF3E5D-CF6E-420A-AC09-781279196320}.Release|Any CPU.ActiveCfg = Release|Any CPU
		{51CF3E5D-CF6E-420A-AC09-781279196320}.Release|Any CPU.Build.0 = Release|Any CPU
		{24251B34-6EF6-4DF3-8A43-DF569D4C7CE9}.Debug|Any CPU.ActiveCfg = Debug|Any CPU
		{24251B34-6EF6-4DF3-8A43-DF569D4C7CE9}.Debug|Any CPU.Build.0 = Debug|Any CPU
		{24251B34-6EF6-4DF3-8A43-DF569D4C7CE9}.Release|Any CPU.ActiveCfg = Release|Any CPU
		{24251B34-6EF6-4DF3-8A43-DF569D4C7CE9}.Release|Any CPU.Build.0 = Release|Any CPU
		{58743754-CE44-447F-91B1-48E973DDA8BA}.Debug|Any CPU.ActiveCfg = Debug|Any CPU
		{58743754-CE44-447F-91B1-48E973DDA8BA}.Debug|Any CPU.Build.0 = Debug|Any CPU
		{58743754-CE44-447F-91B1-48E973DDA8BA}.Release|Any CPU.ActiveCfg = Release|Any CPU
		{58743754-CE44-447F-91B1-48E973DDA8BA}.Release|Any CPU.Build.0 = Release|Any CPU
		{DB8DCC92-A4F2-468A-A582-689B1208D37F}.Debug|Any CPU.ActiveCfg = Debug|Any CPU
		{DB8DCC92-A4F2-468A-A582-689B1208D37F}.Debug|Any CPU.Build.0 = Debug|Any CPU
		{DB8DCC92-A4F2-468A-A582-689B1208D37F}.Release|Any CPU.ActiveCfg = Release|Any CPU
		{DB8DCC92-A4F2-468A-A582-689B1208D37F}.Release|Any CPU.Build.0 = Release|Any CPU
		{04174A3F-F1C1-4D7E-9158-3E8148679634}.Debug|Any CPU.ActiveCfg = Debug|Any CPU
		{04174A3F-F1C1-4D7E-9158-3E8148679634}.Debug|Any CPU.Build.0 = Debug|Any CPU
		{04174A3F-F1C1-4D7E-9158-3E8148679634}.Release|Any CPU.ActiveCfg = Release|Any CPU
		{04174A3F-F1C1-4D7E-9158-3E8148679634}.Release|Any CPU.Build.0 = Release|Any CPU
		{4D37D142-BD9D-4FC4-B43F-BE7CF26F7F5F}.Debug|Any CPU.ActiveCfg = Debug|Any CPU
		{4D37D142-BD9D-4FC4-B43F-BE7CF26F7F5F}.Debug|Any CPU.Build.0 = Debug|Any CPU
		{4D37D142-BD9D-4FC4-B43F-BE7CF26F7F5F}.Release|Any CPU.ActiveCfg = Release|Any CPU
		{4D37D142-BD9D-4FC4-B43F-BE7CF26F7F5F}.Release|Any CPU.Build.0 = Release|Any CPU
		{07C4FB6A-90DA-4E2F-875E-FD38802269E4}.Debug|Any CPU.ActiveCfg = Debug|Any CPU
		{07C4FB6A-90DA-4E2F-875E-FD38802269E4}.Debug|Any CPU.Build.0 = Debug|Any CPU
		{07C4FB6A-90DA-4E2F-875E-FD38802269E4}.Release|Any CPU.ActiveCfg = Release|Any CPU
		{07C4FB6A-90DA-4E2F-875E-FD38802269E4}.Release|Any CPU.Build.0 = Release|Any CPU
		{58F43785-0C70-466B-8549-C9634DC77E54}.Debug|Any CPU.ActiveCfg = Debug|Any CPU
		{58F43785-0C70-466B-8549-C9634DC77E54}.Debug|Any CPU.Build.0 = Debug|Any CPU
		{58F43785-0C70-466B-8549-C9634DC77E54}.Release|Any CPU.ActiveCfg = Release|Any CPU
		{58F43785-0C70-466B-8549-C9634DC77E54}.Release|Any CPU.Build.0 = Release|Any CPU
	EndGlobalSection
	GlobalSection(NestedProjects) = preSolution
		{8FCF6332-9B54-43BC-83B3-1CB074CBCE81} = {5467D691-F3A9-4CC8-AE7C-B20565E6590A}
		{BF495CDA-5A90-4773-8009-F16BECDC2547} = {DABEA768-DC77-4E28-9B7B-BEA5D2095EDC}
		{A782DFB4-60CD-46C0-9551-EB56D21AF1DF} = {7A0D8ADD-03FD-4AB2-BF66-9633001FCA34}
		{8085764E-45FE-4373-93E5-304E0116583A} = {0926DBBB-8BB2-49C1-A603-092E88C892B8}
		{618F22A3-0C4A-42D9-8CDE-376DC181FF6B} = {0926DBBB-8BB2-49C1-A603-092E88C892B8}
		{6514535E-01D6-4E99-A615-3C46FCF6AE4B} = {9C995D7E-E431-41E8-BFF9-C49F7B68A06E}
		{07F1B13E-AA46-4704-9054-440C293B49C5} = {9C995D7E-E431-41E8-BFF9-C49F7B68A06E}
		{B4B8CFE8-1AB8-4176-B5E7-9E29A5793093} = {CB31879B-0DB5-4604-A3E9-D2E698C9D49E}
		{E8582D55-C726-4FA2-A257-AF682994F99B} = {CB31879B-0DB5-4604-A3E9-D2E698C9D49E}
		{68B1987F-769C-493B-AA6B-5EACA13BE63A} = {1077D387-EA81-4325-96E5-D4DD619EDBCF}
		{FFF16461-2213-4025-8699-C57DE853D944} = {1077D387-EA81-4325-96E5-D4DD619EDBCF}
		{51CF3E5D-CF6E-420A-AC09-781279196320} = {C534E74F-980A-445D-A4FC-6D1C32E8E695}
		{24251B34-6EF6-4DF3-8A43-DF569D4C7CE9} = {C534E74F-980A-445D-A4FC-6D1C32E8E695}
		{58743754-CE44-447F-91B1-48E973DDA8BA} = {ADD75171-8874-4615-B28B-BAD250412615}
		{DB8DCC92-A4F2-468A-A582-689B1208D37F} = {ADD75171-8874-4615-B28B-BAD250412615}
		{04174A3F-F1C1-4D7E-9158-3E8148679634} = {B8BCB322-033A-42A6-9D16-363731224B9F}
		{4D37D142-BD9D-4FC4-B43F-BE7CF26F7F5F} = {B8BCB322-033A-42A6-9D16-363731224B9F}
		{07C4FB6A-90DA-4E2F-875E-FD38802269E4} = {5C1E78B5-8FD6-460C-AC4A-FCC04060BBB4}
		{58F43785-0C70-466B-8549-C9634DC77E54} = {5C1E78B5-8FD6-460C-AC4A-FCC04060BBB4}
	EndGlobalSection
EndGlobal
