
Microsoft Visual Studio Solution File, Format Version 12.00
# Visual Studio Version 17
VisualStudioVersion = 17.0.31903.59
MinimumVisualStudioVersion = 10.0.40219.1
Project("{FAE04EC0-301F-11D3-BF4B-00C04F79EFBC}") = "event_timer", "event-timer\event_timer.csproj", "{8724E209-0BD3-4355-A487-9938A5EA15D8}"
EndProject
Project("{FAE04EC0-301F-11D3-BF4B-00C04F79EFBC}") = "serialization_simple", "serialization_simple\serialization_simple.csproj", "{92205DBD-0B1C-4D46-89D0-B460CB9F9B8F}"
EndProject
Project("{FAE04EC0-301F-11D3-BF4B-00C04F79EFBC}") = "simple", "simple\simple.csproj", "{C9C0E350-0BD7-4190-A84F-063A9B1777F6}"
EndProject
Project("{FAE04EC0-301F-11D3-BF4B-00C04F79EFBC}") = "sdk_ecs", "sdk-ecs\sdk_ecs.csproj", "{6999AD57-3BC7-4851-BF19-267BE042A7A3}"
EndProject
Global
	GlobalSection(SolutionConfigurationPlatforms) = preSolution
		Debug|Any CPU = Debug|Any CPU
		Release|Any CPU = Release|Any CPU
	EndGlobalSection
	GlobalSection(SolutionProperties) = preSolution
		HideSolutionNode = FALSE
	EndGlobalSection
	GlobalSection(ProjectConfigurationPlatforms) = postSolution
		{8724E209-0BD3-4355-A487-9938A5EA15D8}.Debug|Any CPU.ActiveCfg = Debug|Any CPU
		{8724E209-0BD3-4355-A487-9938A5EA15D8}.Debug|Any CPU.Build.0 = Debug|Any CPU
		{8724E209-0BD3-4355-A487-9938A5EA15D8}.Release|Any CPU.ActiveCfg = Release|Any CPU
		{8724E209-0BD3-4355-A487-9938A5EA15D8}.Release|Any CPU.Build.0 = Release|Any CPU
		{92205DBD-0B1C-4D46-89D0-B460CB9F9B8F}.Debug|Any CPU.ActiveCfg = Debug|Any CPU
		{92205DBD-0B1C-4D46-89D0-B460CB9F9B8F}.Debug|Any CPU.Build.0 = Debug|Any CPU
		{92205DBD-0B1C-4D46-89D0-B460CB9F9B8F}.Release|Any CPU.ActiveCfg = Release|Any CPU
		{92205DBD-0B1C-4D46-89D0-B460CB9F9B8F}.Release|Any CPU.Build.0 = Release|Any CPU
		{C9C0E350-0BD7-4190-A84F-063A9B1777F6}.Debug|Any CPU.ActiveCfg = Debug|Any CPU
		{C9C0E350-0BD7-4190-A84F-063A9B1777F6}.Debug|Any CPU.Build.0 = Debug|Any CPU
		{C9C0E350-0BD7-4190-A84F-063A9B1777F6}.Release|Any CPU.ActiveCfg = Release|Any CPU
		{C9C0E350-0BD7-4190-A84F-063A9B1777F6}.Release|Any CPU.Build.0 = Release|Any CPU
		{6999AD57-3BC7-4851-BF19-267BE042A7A3}.Debug|Any CPU.ActiveCfg = Debug|Any CPU
		{6999AD57-3BC7-4851-BF19-267BE042A7A3}.Debug|Any CPU.Build.0 = Debug|Any CPU
		{6999AD57-3BC7-4851-BF19-267BE042A7A3}.Release|Any CPU.ActiveCfg = Release|Any CPU
		{6999AD57-3BC7-4851-BF19-267BE042A7A3}.Release|Any CPU.Build.0 = Release|Any CPU
	EndGlobalSection
EndGlobal
