
Microsoft Visual Studio Solution File, Format Version 12.00
# Visual Studio Version 17
VisualStudioVersion = 17.0.31903.59
MinimumVisualStudioVersion = 10.0.40219.1
Project("{FAE04EC0-301F-11D3-BF4B-00C04F79EFBC}") = "event_timer", "event-timer\src\event_timer.csproj", "{8724E209-0BD3-4355-A487-9938A5EA15D8}"
EndProject
Project("{FAE04EC0-301F-11D3-BF4B-00C04F79EFBC}") = "serialization_simple", "serialization_simple\src\serialization_simple.csproj", "{92205DBD-0B1C-4D46-89D0-B460CB9F9B8F}"
EndProject
Project("{FAE04EC0-301F-11D3-BF4B-00C04F79EFBC}") = "simple", "simple\src\simple.csproj", "{C9C0E350-0BD7-4190-A84F-063A9B1777F6}"
EndProject
Project("{FAE04EC0-301F-11D3-BF4B-00C04F79EFBC}") = "sdk_ecs", "sdk-ecs\src\sdk_ecs.csproj", "{6999AD57-3BC7-4851-BF19-267BE042A7A3}"
EndProject
Project("{2150E333-8FDC-42A3-9474-1A3956D46DE8}") = "event-apig", "event-apig", "{36CFF5C0-F612-470B-A2E4-67D31552D2B0}"
EndProject
Project("{FAE04EC0-301F-11D3-BF4B-00C04F79EFBC}") = "event_apig", "event-apig\src\event_apig.csproj", "{13991080-FEB6-4FE3-AD91-27A3B6F56B98}"
EndProject
Project("{FAE04EC0-301F-11D3-BF4B-00C04F79EFBC}") = "event_apig.test", "event-apig\test\event_apig.test.csproj", "{87109F37-B752-404C-82C6-F7426913A33C}"
EndProject
Project("{2150E333-8FDC-42A3-9474-1A3956D46DE8}") = "event-cts", "event-cts", "{26C81E42-1B77-49A0-9F00-D864EB645009}"
EndProject
Project("{FAE04EC0-301F-11D3-BF4B-00C04F79EFBC}") = "event_cts", "event-cts\src\event_cts.csproj", "{7599627F-2D75-4918-86C5-354950EC2317}"
EndProject
Project("{FAE04EC0-301F-11D3-BF4B-00C04F79EFBC}") = "event_cts.test", "event-cts\test\event_cts.test.csproj", "{8B1F682B-0895-4554-86DF-DC2EBE25A81B}"
EndProject
Project("{2150E333-8FDC-42A3-9474-1A3956D46DE8}") = "event-s3obs-thumbnail", "event-s3obs-thumbnail", "{92074C0D-F408-47DB-80D6-05FA69085896}"
EndProject
Project("{FAE04EC0-301F-11D3-BF4B-00C04F79EFBC}") = "event_s3obs_thumbnail", "event-s3obs-thumbnail\src\event_s3obs_thumbnail.csproj", "{6A15D748-C7B0-427D-9F75-51BD72485967}"
EndProject
Project("{2150E333-8FDC-42A3-9474-1A3956D46DE8}") = "http_minimalWebAPI", "http_minimalWebAPI", "{20FB5318-612C-402D-BF78-CBDDFD36A65F}"
EndProject
Project("{FAE04EC0-301F-11D3-BF4B-00C04F79EFBC}") = "http_minimalWebAPI", "http_minimalWebAPI\src\http_minimalWebAPI.csproj", "{5B95066A-10EA-4D45-9114-CAB7F343A87D}"
EndProject
Project("{2150E333-8FDC-42A3-9474-1A3956D46DE8}") = "invoke-fg", "invoke-fg", "{45D3578B-428B-49B9-99A5-8512D090E34A}"
EndProject
Project("{FAE04EC0-301F-11D3-BF4B-00C04F79EFBC}") = "invoke_fg", "invoke-fg\src\invoke_fg.csproj", "{059C9D75-5EC4-4FFC-B192-51AF5CEF296B}"
EndProject
Project("{2150E333-8FDC-42A3-9474-1A3956D46DE8}") = "serialization_simple/src", "serialization_simple\src", "{58AE1FB6-816F-4289-BB80-F8BCF7E8D467}"
EndProject
Project("{2150E333-8FDC-42A3-9474-1A3956D46DE8}") = "serialization_simple", "serialization_simple", "{55144393-617E-45D1-ABF0-EEFA2B8BB75D}"
EndProject
Project("{FAE04EC0-301F-11D3-BF4B-00C04F79EFBC}") = "serialization_simple.test", "serialization_simple\test\serialization_simple.test.csproj", "{2842F0AB-1127-4DBE-BE1D-E85B98EC58EB}"
EndProject
Global
	GlobalSection(SolutionConfigurationPlatforms) = preSolution
		Debug|Any CPU = Debug|Any CPU
		Release|Any CPU = Release|Any CPU
	EndGlobalSection
	GlobalSection(SolutionProperties) = preSolution
		HideSolutionNode = FALSE
	EndGlobalSection
	GlobalSection(ProjectConfigurationPlatforms) = postSolution
		{8724E209-0BD3-4355-A487-9938A5EA15D8}.Debug|Any CPU.ActiveCfg = Debug|Any CPU
		{8724E209-0BD3-4355-A487-9938A5EA15D8}.Debug|Any CPU.Build.0 = Debug|Any CPU
		{8724E209-0BD3-4355-A487-9938A5EA15D8}.Release|Any CPU.ActiveCfg = Release|Any CPU
		{8724E209-0BD3-4355-A487-9938A5EA15D8}.Release|Any CPU.Build.0 = Release|Any CPU
		{92205DBD-0B1C-4D46-89D0-B460CB9F9B8F}.Debug|Any CPU.ActiveCfg = Debug|Any CPU
		{92205DBD-0B1C-4D46-89D0-B460CB9F9B8F}.Debug|Any CPU.Build.0 = Debug|Any CPU
		{92205DBD-0B1C-4D46-89D0-B460CB9F9B8F}.Release|Any CPU.ActiveCfg = Release|Any CPU
		{92205DBD-0B1C-4D46-89D0-B460CB9F9B8F}.Release|Any CPU.Build.0 = Release|Any CPU
		{C9C0E350-0BD7-4190-A84F-063A9B1777F6}.Debug|Any CPU.ActiveCfg = Debug|Any CPU
		{C9C0E350-0BD7-4190-A84F-063A9B1777F6}.Debug|Any CPU.Build.0 = Debug|Any CPU
		{C9C0E350-0BD7-4190-A84F-063A9B1777F6}.Release|Any CPU.ActiveCfg = Release|Any CPU
		{C9C0E350-0BD7-4190-A84F-063A9B1777F6}.Release|Any CPU.Build.0 = Release|Any CPU
		{6999AD57-3BC7-4851-BF19-267BE042A7A3}.Debug|Any CPU.ActiveCfg = Debug|Any CPU
		{6999AD57-3BC7-4851-BF19-267BE042A7A3}.Debug|Any CPU.Build.0 = Debug|Any CPU
		{6999AD57-3BC7-4851-BF19-267BE042A7A3}.Release|Any CPU.ActiveCfg = Release|Any CPU
		{6999AD57-3BC7-4851-BF19-267BE042A7A3}.Release|Any CPU.Build.0 = Release|Any CPU
		{13991080-FEB6-4FE3-AD91-27A3B6F56B98}.Debug|Any CPU.ActiveCfg = Debug|Any CPU
		{13991080-FEB6-4FE3-AD91-27A3B6F56B98}.Debug|Any CPU.Build.0 = Debug|Any CPU
		{13991080-FEB6-4FE3-AD91-27A3B6F56B98}.Release|Any CPU.ActiveCfg = Release|Any CPU
		{13991080-FEB6-4FE3-AD91-27A3B6F56B98}.Release|Any CPU.Build.0 = Release|Any CPU
		{87109F37-B752-404C-82C6-F7426913A33C}.Debug|Any CPU.ActiveCfg = Debug|Any CPU
		{87109F37-B752-404C-82C6-F7426913A33C}.Debug|Any CPU.Build.0 = Debug|Any CPU
		{87109F37-B752-404C-82C6-F7426913A33C}.Release|Any CPU.ActiveCfg = Release|Any CPU
		{87109F37-B752-404C-82C6-F7426913A33C}.Release|Any CPU.Build.0 = Release|Any CPU
		{7599627F-2D75-4918-86C5-354950EC2317}.Debug|Any CPU.ActiveCfg = Debug|Any CPU
		{7599627F-2D75-4918-86C5-354950EC2317}.Debug|Any CPU.Build.0 = Debug|Any CPU
		{7599627F-2D75-4918-86C5-354950EC2317}.Release|Any CPU.ActiveCfg = Release|Any CPU
		{7599627F-2D75-4918-86C5-354950EC2317}.Release|Any CPU.Build.0 = Release|Any CPU
		{8B1F682B-0895-4554-86DF-DC2EBE25A81B}.Debug|Any CPU.ActiveCfg = Debug|Any CPU
		{8B1F682B-0895-4554-86DF-DC2EBE25A81B}.Debug|Any CPU.Build.0 = Debug|Any CPU
		{8B1F682B-0895-4554-86DF-DC2EBE25A81B}.Release|Any CPU.ActiveCfg = Release|Any CPU
		{8B1F682B-0895-4554-86DF-DC2EBE25A81B}.Release|Any CPU.Build.0 = Release|Any CPU
		{6A15D748-C7B0-427D-9F75-51BD72485967}.Debug|Any CPU.ActiveCfg = Debug|Any CPU
		{6A15D748-C7B0-427D-9F75-51BD72485967}.Debug|Any CPU.Build.0 = Debug|Any CPU
		{6A15D748-C7B0-427D-9F75-51BD72485967}.Release|Any CPU.ActiveCfg = Release|Any CPU
		{6A15D748-C7B0-427D-9F75-51BD72485967}.Release|Any CPU.Build.0 = Release|Any CPU
		{5B95066A-10EA-4D45-9114-CAB7F343A87D}.Debug|Any CPU.ActiveCfg = Debug|Any CPU
		{5B95066A-10EA-4D45-9114-CAB7F343A87D}.Debug|Any CPU.Build.0 = Debug|Any CPU
		{5B95066A-10EA-4D45-9114-CAB7F343A87D}.Release|Any CPU.ActiveCfg = Release|Any CPU
		{5B95066A-10EA-4D45-9114-CAB7F343A87D}.Release|Any CPU.Build.0 = Release|Any CPU
		{059C9D75-5EC4-4FFC-B192-51AF5CEF296B}.Debug|Any CPU.ActiveCfg = Debug|Any CPU
		{059C9D75-5EC4-4FFC-B192-51AF5CEF296B}.Debug|Any CPU.Build.0 = Debug|Any CPU
		{059C9D75-5EC4-4FFC-B192-51AF5CEF296B}.Release|Any CPU.ActiveCfg = Release|Any CPU
		{059C9D75-5EC4-4FFC-B192-51AF5CEF296B}.Release|Any CPU.Build.0 = Release|Any CPU
		{2842F0AB-1127-4DBE-BE1D-E85B98EC58EB}.Debug|Any CPU.ActiveCfg = Debug|Any CPU
		{2842F0AB-1127-4DBE-BE1D-E85B98EC58EB}.Debug|Any CPU.Build.0 = Debug|Any CPU
		{2842F0AB-1127-4DBE-BE1D-E85B98EC58EB}.Release|Any CPU.ActiveCfg = Release|Any CPU
		{2842F0AB-1127-4DBE-BE1D-E85B98EC58EB}.Release|Any CPU.Build.0 = Release|Any CPU
	EndGlobalSection
	GlobalSection(NestedProjects) = preSolution
		{13991080-FEB6-4FE3-AD91-27A3B6F56B98} = {36CFF5C0-F612-470B-A2E4-67D31552D2B0}
		{87109F37-B752-404C-82C6-F7426913A33C} = {36CFF5C0-F612-470B-A2E4-67D31552D2B0}
		{7599627F-2D75-4918-86C5-354950EC2317} = {26C81E42-1B77-49A0-9F00-D864EB645009}
		{8B1F682B-0895-4554-86DF-DC2EBE25A81B} = {26C81E42-1B77-49A0-9F00-D864EB645009}
		{6A15D748-C7B0-427D-9F75-51BD72485967} = {92074C0D-F408-47DB-80D6-05FA69085896}
		{5B95066A-10EA-4D45-9114-CAB7F343A87D} = {20FB5318-612C-402D-BF78-CBDDFD36A65F}
		{059C9D75-5EC4-4FFC-B192-51AF5CEF296B} = {45D3578B-428B-49B9-99A5-8512D090E34A}
		{92205DBD-0B1C-4D46-89D0-B460CB9F9B8F} = {58AE1FB6-816F-4289-BB80-F8BCF7E8D467}
		{2842F0AB-1127-4DBE-BE1D-E85B98EC58EB} = {55144393-617E-45D1-ABF0-EEFA2B8BB75D}
	EndGlobalSection
EndGlobal
